
Microsoft Visual Studio Solution File, Format Version 12.00
# Visual Studio 2012
Project("{2150E333-8FDC-42A3-9474-1A3956D46DE8}") = "Solution Items", "Solution Items", "{2D8F757F-83F7-45F8-AC28-3B0C8928009A}"
	ProjectSection(SolutionItems) = preProject
		TryExpando.fsx = TryExpando.fsx
	EndProjectSection
EndProject
Project("{F2A71F9B-5D33-465A-A702-920D77279786}") = "SampleModelPrototypes", "SampleModelPrototypes\SampleModelPrototypes.fsproj", "{67D7D094-05E5-4530-9546-E8E3333E828E}"
EndProject
Project("{F2A71F9B-5D33-465A-A702-920D77279786}") = "TryCustomRuntimeClass", "TryCustomRuntimeClass\TryCustomRuntimeClass.fsproj", "{30597BE9-08F8-4832-8AB7-009C00A6A2F2}"
EndProject
Project("{F2A71F9B-5D33-465A-A702-920D77279786}") = "TryCustomRuntimeClass - GenTypes", "TryCustomRuntimeClass - GenTypes\TryCustomRuntimeClass - GenTypes.fsproj", "{53296782-182F-459C-B511-6FBD43501F87}"
EndProject
Global
	GlobalSection(SolutionConfigurationPlatforms) = preSolution
		Debug|Any CPU = Debug|Any CPU
		Debug|Mixed Platforms = Debug|Mixed Platforms
		Debug|x86 = Debug|x86
		Release|Any CPU = Release|Any CPU
		Release|Mixed Platforms = Release|Mixed Platforms
		Release|x86 = Release|x86
	EndGlobalSection
	GlobalSection(ProjectConfigurationPlatforms) = postSolution
		{67D7D094-05E5-4530-9546-E8E3333E828E}.Debug|Any CPU.ActiveCfg = Debug|Any CPU
		{67D7D094-05E5-4530-9546-E8E3333E828E}.Debug|Any CPU.Build.0 = Debug|Any CPU
		{67D7D094-05E5-4530-9546-E8E3333E828E}.Debug|Mixed Platforms.ActiveCfg = Debug|Any CPU
		{67D7D094-05E5-4530-9546-E8E3333E828E}.Debug|Mixed Platforms.Build.0 = Debug|Any CPU
		{67D7D094-05E5-4530-9546-E8E3333E828E}.Debug|x86.ActiveCfg = Debug|Any CPU
		{67D7D094-05E5-4530-9546-E8E3333E828E}.Release|Any CPU.ActiveCfg = Release|Any CPU
		{67D7D094-05E5-4530-9546-E8E3333E828E}.Release|Any CPU.Build.0 = Release|Any CPU
		{67D7D094-05E5-4530-9546-E8E3333E828E}.Release|Mixed Platforms.ActiveCfg = Release|Any CPU
		{67D7D094-05E5-4530-9546-E8E3333E828E}.Release|Mixed Platforms.Build.0 = Release|Any CPU
		{67D7D094-05E5-4530-9546-E8E3333E828E}.Release|x86.ActiveCfg = Release|Any CPU
		{30597BE9-08F8-4832-8AB7-009C00A6A2F2}.Debug|Any CPU.ActiveCfg = Debug|x86
		{30597BE9-08F8-4832-8AB7-009C00A6A2F2}.Debug|Mixed Platforms.ActiveCfg = Debug|x86
		{30597BE9-08F8-4832-8AB7-009C00A6A2F2}.Debug|Mixed Platforms.Build.0 = Debug|x86
		{30597BE9-08F8-4832-8AB7-009C00A6A2F2}.Debug|x86.ActiveCfg = Debug|x86
		{30597BE9-08F8-4832-8AB7-009C00A6A2F2}.Debug|x86.Build.0 = Debug|x86
		{30597BE9-08F8-4832-8AB7-009C00A6A2F2}.Release|Any CPU.ActiveCfg = Release|x86
		{30597BE9-08F8-4832-8AB7-009C00A6A2F2}.Release|Mixed Platforms.ActiveCfg = Release|x86
		{30597BE9-08F8-4832-8AB7-009C00A6A2F2}.Release|Mixed Platforms.Build.0 = Release|x86
		{30597BE9-08F8-4832-8AB7-009C00A6A2F2}.Release|x86.ActiveCfg = Release|x86
		{30597BE9-08F8-4832-8AB7-009C00A6A2F2}.Release|x86.Build.0 = Release|x86
		{53296782-182F-459C-B511-6FBD43501F87}.Debug|Any CPU.ActiveCfg = Debug|x86
		{53296782-182F-459C-B511-6FBD43501F87}.Debug|Mixed Platforms.ActiveCfg = Debug|x86
		{53296782-182F-459C-B511-6FBD43501F87}.Debug|Mixed Platforms.Build.0 = Debug|x86
		{53296782-182F-459C-B511-6FBD43501F87}.Debug|x86.ActiveCfg = Debug|x86
		{53296782-182F-459C-B511-6FBD43501F87}.Debug|x86.Build.0 = Debug|x86
		{53296782-182F-459C-B511-6FBD43501F87}.Release|Any CPU.ActiveCfg = Release|x86
		{53296782-182F-459C-B511-6FBD43501F87}.Release|Mixed Platforms.ActiveCfg = Release|x86
		{53296782-182F-459C-B511-6FBD43501F87}.Release|Mixed Platforms.Build.0 = Release|x86
		{53296782-182F-459C-B511-6FBD43501F87}.Release|x86.ActiveCfg = Release|x86
		{53296782-182F-459C-B511-6FBD43501F87}.Release|x86.Build.0 = Release|x86
	EndGlobalSection
	GlobalSection(SolutionProperties) = preSolution
		HideSolutionNode = FALSE
	EndGlobalSection
EndGlobal
