
Microsoft Visual Studio Solution File, Format Version 12.00
# Visual Studio 2012
Project("{F2A71F9B-5D33-465A-A702-920D77279786}") = "ExpandoObject", "ExpandoObject\ExpandoObject.fsproj", "{FC064B82-8EF6-451C-A3F4-5E2C54FECEF5}"
EndProject
Project("{F2A71F9B-5D33-465A-A702-920D77279786}") = "CustomRuntimeClass", "CustomRuntimeClass\CustomRuntimeClass.fsproj", "{6AF9A230-2C55-45C2-A32D-C02BE1A05CC8}"
EndProject
Global
	GlobalSection(SolutionConfigurationPlatforms) = preSolution
		Debug|Any CPU = Debug|Any CPU
		Release|Any CPU = Release|Any CPU
	EndGlobalSection
	GlobalSection(ProjectConfigurationPlatforms) = postSolution
		{FC064B82-8EF6-451C-A3F4-5E2C54FECEF5}.Debug|Any CPU.ActiveCfg = Debug|Any CPU
		{FC064B82-8EF6-451C-A3F4-5E2C54FECEF5}.Debug|Any CPU.Build.0 = Debug|Any CPU
		{FC064B82-8EF6-451C-A3F4-5E2C54FECEF5}.Release|Any CPU.ActiveCfg = Release|Any CPU
		{FC064B82-8EF6-451C-A3F4-5E2C54FECEF5}.Release|Any CPU.Build.0 = Release|Any CPU
		{6AF9A230-2C55-45C2-A32D-C02BE1A05CC8}.Debug|Any CPU.ActiveCfg = Debug|Any CPU
		{6AF9A230-2C55-45C2-A32D-C02BE1A05CC8}.Debug|Any CPU.Build.0 = Debug|Any CPU
		{6AF9A230-2C55-45C2-A32D-C02BE1A05CC8}.Release|Any CPU.ActiveCfg = Release|Any CPU
		{6AF9A230-2C55-45C2-A32D-C02BE1A05CC8}.Release|Any CPU.Build.0 = Release|Any CPU
	EndGlobalSection
	GlobalSection(SolutionProperties) = preSolution
		HideSolutionNode = FALSE
	EndGlobalSection
EndGlobal
