
Microsoft Visual Studio Solution File, Format Version 12.00
# Visual Studio 2012
Project("{FAE04EC0-301F-11D3-BF4B-00C04F79EFBC}") = "UIElements", "UIElements\UIElements.csproj", "{FA52EE33-ECBE-4354-BCF2-CAEA2B9442DF}"
EndProject
Project("{F2A71F9B-5D33-465A-A702-920D77279786}") = "Mvc.Wpf", "Mvc.Wpf\Mvc.Wpf.fsproj", "{E1FCC7FE-8C2B-4B6E-9B30-D19016E059C8}"
EndProject
Project("{F2A71F9B-5D33-465A-A702-920D77279786}") = "VS2012-NET 4.5", "VS2012-NET 4.5\VS2012-NET 4.5.fsproj", "{B7516212-75A8-4FF5-9843-850998BBF68F}"
EndProject
Global
	GlobalSection(SolutionConfigurationPlatforms) = preSolution
		Debug|Any CPU = Debug|Any CPU
		Debug|Mixed Platforms = Debug|Mixed Platforms
		Debug|x86 = Debug|x86
		Release|Any CPU = Release|Any CPU
		Release|Mixed Platforms = Release|Mixed Platforms
		Release|x86 = Release|x86
	EndGlobalSection
	GlobalSection(ProjectConfigurationPlatforms) = postSolution
		{FA52EE33-ECBE-4354-BCF2-CAEA2B9442DF}.Debug|Any CPU.ActiveCfg = Debug|x86
		{FA52EE33-ECBE-4354-BCF2-CAEA2B9442DF}.Debug|Mixed Platforms.ActiveCfg = Debug|x86
		{FA52EE33-ECBE-4354-BCF2-CAEA2B9442DF}.Debug|Mixed Platforms.Build.0 = Debug|x86
		{FA52EE33-ECBE-4354-BCF2-CAEA2B9442DF}.Debug|x86.ActiveCfg = Debug|x86
		{FA52EE33-ECBE-4354-BCF2-CAEA2B9442DF}.Debug|x86.Build.0 = Debug|x86
		{FA52EE33-ECBE-4354-BCF2-CAEA2B9442DF}.Release|Any CPU.ActiveCfg = Release|x86
		{FA52EE33-ECBE-4354-BCF2-CAEA2B9442DF}.Release|Mixed Platforms.ActiveCfg = Release|x86
		{FA52EE33-ECBE-4354-BCF2-CAEA2B9442DF}.Release|Mixed Platforms.Build.0 = Release|x86
		{FA52EE33-ECBE-4354-BCF2-CAEA2B9442DF}.Release|x86.ActiveCfg = Release|x86
		{FA52EE33-ECBE-4354-BCF2-CAEA2B9442DF}.Release|x86.Build.0 = Release|x86
		{E1FCC7FE-8C2B-4B6E-9B30-D19016E059C8}.Debug|Any CPU.ActiveCfg = Debug|Any CPU
		{E1FCC7FE-8C2B-4B6E-9B30-D19016E059C8}.Debug|Any CPU.Build.0 = Debug|Any CPU
		{E1FCC7FE-8C2B-4B6E-9B30-D19016E059C8}.Debug|Mixed Platforms.ActiveCfg = Debug|Any CPU
		{E1FCC7FE-8C2B-4B6E-9B30-D19016E059C8}.Debug|Mixed Platforms.Build.0 = Debug|Any CPU
		{E1FCC7FE-8C2B-4B6E-9B30-D19016E059C8}.Debug|x86.ActiveCfg = Debug|Any CPU
		{E1FCC7FE-8C2B-4B6E-9B30-D19016E059C8}.Release|Any CPU.ActiveCfg = Release|Any CPU
		{E1FCC7FE-8C2B-4B6E-9B30-D19016E059C8}.Release|Any CPU.Build.0 = Release|Any CPU
		{E1FCC7FE-8C2B-4B6E-9B30-D19016E059C8}.Release|Mixed Platforms.ActiveCfg = Release|Any CPU
		{E1FCC7FE-8C2B-4B6E-9B30-D19016E059C8}.Release|Mixed Platforms.Build.0 = Release|Any CPU
		{E1FCC7FE-8C2B-4B6E-9B30-D19016E059C8}.Release|x86.ActiveCfg = Release|Any CPU
		{B7516212-75A8-4FF5-9843-850998BBF68F}.Debug|Any CPU.ActiveCfg = Debug|Any CPU
		{B7516212-75A8-4FF5-9843-850998BBF68F}.Debug|Any CPU.Build.0 = Debug|Any CPU
		{B7516212-75A8-4FF5-9843-850998BBF68F}.Debug|Mixed Platforms.ActiveCfg = Debug|Any CPU
		{B7516212-75A8-4FF5-9843-850998BBF68F}.Debug|Mixed Platforms.Build.0 = Debug|Any CPU
		{B7516212-75A8-4FF5-9843-850998BBF68F}.Debug|x86.ActiveCfg = Debug|Any CPU
		{B7516212-75A8-4FF5-9843-850998BBF68F}.Release|Any CPU.ActiveCfg = Release|Any CPU
		{B7516212-75A8-4FF5-9843-850998BBF68F}.Release|Any CPU.Build.0 = Release|Any CPU
		{B7516212-75A8-4FF5-9843-850998BBF68F}.Release|Mixed Platforms.ActiveCfg = Release|Any CPU
		{B7516212-75A8-4FF5-9843-850998BBF68F}.Release|Mixed Platforms.Build.0 = Release|Any CPU
		{B7516212-75A8-4FF5-9843-850998BBF68F}.Release|x86.ActiveCfg = Release|Any CPU
	EndGlobalSection
	GlobalSection(SolutionProperties) = preSolution
		HideSolutionNode = FALSE
	EndGlobalSection
	GlobalSection(ExtensibilityGlobals) = postSolution
		VisualSVNWorkingCopyRoot = .
	EndGlobalSection
EndGlobal
